// !$*UTF8*$!
{
	archiveVersion = 1;
	classes = {
	};
	objectVersion = 46;
	objects = {

/* Begin PBXBuildFile section */
		0C58823E1A24270A00B12221 /* AppDelegate.swift in Sources */ = {isa = PBXBuildFile; fileRef = 0C58823D1A24270A00B12221 /* AppDelegate.swift */; };
		0C5882401A24270A00B12221 /* ViewController.swift in Sources */ = {isa = PBXBuildFile; fileRef = 0C58823F1A24270A00B12221 /* ViewController.swift */; };
		0C5882431A24270A00B12221 /* Main.storyboard in Resources */ = {isa = PBXBuildFile; fileRef = 0C5882411A24270A00B12221 /* Main.storyboard */; };
		0C5882451A24270A00B12221 /* Images.xcassets in Resources */ = {isa = PBXBuildFile; fileRef = 0C5882441A24270A00B12221 /* Images.xcassets */; };
		0C5882481A24270A00B12221 /* LaunchScreen.xib in Resources */ = {isa = PBXBuildFile; fileRef = 0C5882461A24270A00B12221 /* LaunchScreen.xib */; };
		0C5882541A24270A00B12221 /* SaveAndLoadTests.swift in Sources */ = {isa = PBXBuildFile; fileRef = 0C5882531A24270A00B12221 /* SaveAndLoadTests.swift */; };
/* End PBXBuildFile section */

/* Begin PBXContainerItemProxy section */
		0C58824E1A24270A00B12221 /* PBXContainerItemProxy */ = {
			isa = PBXContainerItemProxy;
			containerPortal = 0C5882301A24270A00B12221 /* Project object */;
			proxyType = 1;
			remoteGlobalIDString = 0C5882371A24270A00B12221;
			remoteInfo = SaveAndLoad;
		};
/* End PBXContainerItemProxy section */

/* Begin PBXFileReference section */
		0C5882381A24270A00B12221 /* SaveAndLoad.app */ = {isa = PBXFileReference; explicitFileType = wrapper.application; includeInIndex = 0; path = SaveAndLoad.app; sourceTree = BUILT_PRODUCTS_DIR; };
		0C58823C1A24270A00B12221 /* Info.plist */ = {isa = PBXFileReference; lastKnownFileType = text.plist.xml; path = Info.plist; sourceTree = "<group>"; };
		0C58823D1A24270A00B12221 /* AppDelegate.swift */ = {isa = PBXFileReference; lastKnownFileType = sourcecode.swift; path = AppDelegate.swift; sourceTree = "<group>"; };
		0C58823F1A24270A00B12221 /* ViewController.swift */ = {isa = PBXFileReference; lastKnownFileType = sourcecode.swift; path = ViewController.swift; sourceTree = "<group>"; };
		0C5882421A24270A00B12221 /* Base */ = {isa = PBXFileReference; lastKnownFileType = file.storyboard; name = Base; path = Base.lproj/Main.storyboard; sourceTree = "<group>"; };
		0C5882441A24270A00B12221 /* Images.xcassets */ = {isa = PBXFileReference; lastKnownFileType = folder.assetcatalog; path = Images.xcassets; sourceTree = "<group>"; };
		0C5882471A24270A00B12221 /* Base */ = {isa = PBXFileReference; lastKnownFileType = file.xib; name = Base; path = Base.lproj/LaunchScreen.xib; sourceTree = "<group>"; };
		0C58824D1A24270A00B12221 /* SaveAndLoadTests.xctest */ = {isa = PBXFileReference; explicitFileType = wrapper.cfbundle; includeInIndex = 0; path = SaveAndLoadTests.xctest; sourceTree = BUILT_PRODUCTS_DIR; };
		0C5882521A24270A00B12221 /* Info.plist */ = {isa = PBXFileReference; lastKnownFileType = text.plist.xml; path = Info.plist; sourceTree = "<group>"; };
		0C5882531A24270A00B12221 /* SaveAndLoadTests.swift */ = {isa = PBXFileReference; lastKnownFileType = sourcecode.swift; path = SaveAndLoadTests.swift; sourceTree = "<group>"; };
/* End PBXFileReference section */

/* Begin PBXFrameworksBuildPhase section */
		0C5882351A24270A00B12221 /* Frameworks */ = {
			isa = PBXFrameworksBuildPhase;
			buildActionMask = 2147483647;
			files = (
			);
			runOnlyForDeploymentPostprocessing = 0;
		};
		0C58824A1A24270A00B12221 /* Frameworks */ = {
			isa = PBXFrameworksBuildPhase;
			buildActionMask = 2147483647;
			files = (
			);
			runOnlyForDeploymentPostprocessing = 0;
		};
/* End PBXFrameworksBuildPhase section */

/* Begin PBXGroup section */
		0C58822F1A24270A00B12221 = {
			isa = PBXGroup;
			children = (
				0C58823A1A24270A00B12221 /* SaveAndLoad */,
				0C5882501A24270A00B12221 /* SaveAndLoadTests */,
				0C5882391A24270A00B12221 /* Products */,
			);
			sourceTree = "<group>";
		};
		0C5882391A24270A00B12221 /* Products */ = {
			isa = PBXGroup;
			children = (
				0C5882381A24270A00B12221 /* SaveAndLoad.app */,
				0C58824D1A24270A00B12221 /* SaveAndLoadTests.xctest */,
			);
			name = Products;
			sourceTree = "<group>";
		};
		0C58823A1A24270A00B12221 /* SaveAndLoad */ = {
			isa = PBXGroup;
			children = (
				0C58823D1A24270A00B12221 /* AppDelegate.swift */,
				0C58823F1A24270A00B12221 /* ViewController.swift */,
				0C5882411A24270A00B12221 /* Main.storyboard */,
				0C5882441A24270A00B12221 /* Images.xcassets */,
				0C5882461A24270A00B12221 /* LaunchScreen.xib */,
				0C58823B1A24270A00B12221 /* Supporting Files */,
			);
			path = SaveAndLoad;
			sourceTree = "<group>";
		};
		0C58823B1A24270A00B12221 /* Supporting Files */ = {
			isa = PBXGroup;
			children = (
				0C58823C1A24270A00B12221 /* Info.plist */,
			);
			name = "Supporting Files";
			sourceTree = "<group>";
		};
		0C5882501A24270A00B12221 /* SaveAndLoadTests */ = {
			isa = PBXGroup;
			children = (
				0C5882531A24270A00B12221 /* SaveAndLoadTests.swift */,
				0C5882511A24270A00B12221 /* Supporting Files */,
			);
			path = SaveAndLoadTests;
			sourceTree = "<group>";
		};
		0C5882511A24270A00B12221 /* Supporting Files */ = {
			isa = PBXGroup;
			children = (
				0C5882521A24270A00B12221 /* Info.plist */,
			);
			name = "Supporting Files";
			sourceTree = "<group>";
		};
/* End PBXGroup section */

/* Begin PBXNativeTarget section */
		0C5882371A24270A00B12221 /* SaveAndLoad */ = {
			isa = PBXNativeTarget;
			buildConfigurationList = 0C5882571A24270A00B12221 /* Build configuration list for PBXNativeTarget "SaveAndLoad" */;
			buildPhases = (
				0C5882341A24270A00B12221 /* Sources */,
				0C5882351A24270A00B12221 /* Frameworks */,
				0C5882361A24270A00B12221 /* Resources */,
			);
			buildRules = (
			);
			dependencies = (
			);
			name = SaveAndLoad;
			productName = SaveAndLoad;
			productReference = 0C5882381A24270A00B12221 /* SaveAndLoad.app */;
			productType = "com.apple.product-type.application";
		};
		0C58824C1A24270A00B12221 /* SaveAndLoadTests */ = {
			isa = PBXNativeTarget;
			buildConfigurationList = 0C58825A1A24270A00B12221 /* Build configuration list for PBXNativeTarget "SaveAndLoadTests" */;
			buildPhases = (
				0C5882491A24270A00B12221 /* Sources */,
				0C58824A1A24270A00B12221 /* Frameworks */,
				0C58824B1A24270A00B12221 /* Resources */,
			);
			buildRules = (
			);
			dependencies = (
				0C58824F1A24270A00B12221 /* PBXTargetDependency */,
			);
			name = SaveAndLoadTests;
			productName = SaveAndLoadTests;
			productReference = 0C58824D1A24270A00B12221 /* SaveAndLoadTests.xctest */;
			productType = "com.apple.product-type.bundle.unit-test";
		};
/* End PBXNativeTarget section */

/* Begin PBXProject section */
		0C5882301A24270A00B12221 /* Project object */ = {
			isa = PBXProject;
			attributes = {
				LastUpgradeCheck = 0610;
				ORGANIZATIONNAME = "Ranjith Nagella";
				TargetAttributes = {
					0C5882371A24270A00B12221 = {
						CreatedOnToolsVersion = 6.1;
					};
					0C58824C1A24270A00B12221 = {
						CreatedOnToolsVersion = 6.1;
						TestTargetID = 0C5882371A24270A00B12221;
					};
				};
			};
			buildConfigurationList = 0C5882331A24270A00B12221 /* Build configuration list for PBXProject "SaveAndLoad" */;
			compatibilityVersion = "Xcode 3.2";
			developmentRegion = English;
			hasScannedForEncodings = 0;
			knownRegions = (
				en,
				Base,
			);
			mainGroup = 0C58822F1A24270A00B12221;
			productRefGroup = 0C5882391A24270A00B12221 /* Products */;
			projectDirPath = "";
			projectRoot = "";
			targets = (
				0C5882371A24270A00B12221 /* SaveAndLoad */,
				0C58824C1A24270A00B12221 /* SaveAndLoadTests */,
			);
		};
/* End PBXProject section */

/* Begin PBXResourcesBuildPhase section */
		0C5882361A24270A00B12221 /* Resources */ = {
			isa = PBXResourcesBuildPhase;
			buildActionMask = 2147483647;
			files = (
				0C5882431A24270A00B12221 /* Main.storyboard in Resources */,
				0C5882481A24270A00B12221 /* LaunchScreen.xib in Resources */,
				0C5882451A24270A00B12221 /* Images.xcassets in Resources */,
			);
			runOnlyForDeploymentPostprocessing = 0;
		};
		0C58824B1A24270A00B12221 /* Resources */ = {
			isa = PBXResourcesBuildPhase;
			buildActionMask = 2147483647;
			files = (
			);
			runOnlyForDeploymentPostprocessing = 0;
		};
/* End PBXResourcesBuildPhase section */

/* Begin PBXSourcesBuildPhase section */
		0C5882341A24270A00B12221 /* Sources */ = {
			isa = PBXSourcesBuildPhase;
			buildActionMask = 2147483647;
			files = (
				0C5882401A24270A00B12221 /* ViewController.swift in Sources */,
				0C58823E1A24270A00B12221 /* AppDelegate.swift in Sources */,
			);
			runOnlyForDeploymentPostprocessing = 0;
		};
		0C5882491A24270A00B12221 /* Sources */ = {
			isa = PBXSourcesBuildPhase;
			buildActionMask = 2147483647;
			files = (
				0C5882541A24270A00B12221 /* SaveAndLoadTests.swift in Sources */,
			);
			runOnlyForDeploymentPostprocessing = 0;
		};
/* End PBXSourcesBuildPhase section */

/* Begin PBXTargetDependency section */
		0C58824F1A24270A00B12221 /* PBXTargetDependency */ = {
			isa = PBXTargetDependency;
			target = 0C5882371A24270A00B12221 /* SaveAndLoad */;
			targetProxy = 0C58824E1A24270A00B12221 /* PBXContainerItemProxy */;
		};
/* End PBXTargetDependency section */

/* Begin PBXVariantGroup section */
		0C5882411A24270A00B12221 /* Main.storyboard */ = {
			isa = PBXVariantGroup;
			children = (
				0C5882421A24270A00B12221 /* Base */,
			);
			name = Main.storyboard;
			sourceTree = "<group>";
		};
		0C5882461A24270A00B12221 /* LaunchScreen.xib */ = {
			isa = PBXVariantGroup;
			children = (
				0C5882471A24270A00B12221 /* Base */,
			);
			name = LaunchScreen.xib;
			sourceTree = "<group>";
		};
/* End PBXVariantGroup section */

/* Begin XCBuildConfiguration section */
		0C5882551A24270A00B12221 /* Debug */ = {
			isa = XCBuildConfiguration;
			buildSettings = {
				ALWAYS_SEARCH_USER_PATHS = NO;
				CLANG_CXX_LANGUAGE_STANDARD = "gnu++0x";
				CLANG_CXX_LIBRARY = "libc++";
				CLANG_ENABLE_MODULES = YES;
				CLANG_ENABLE_OBJC_ARC = YES;
				CLANG_WARN_BOOL_CONVERSION = YES;
				CLANG_WARN_CONSTANT_CONVERSION = YES;
				CLANG_WARN_DIRECT_OBJC_ISA_USAGE = YES_ERROR;
				CLANG_WARN_EMPTY_BODY = YES;
				CLANG_WARN_ENUM_CONVERSION = YES;
				CLANG_WARN_INT_CONVERSION = YES;
				CLANG_WARN_OBJC_ROOT_CLASS = YES_ERROR;
				CLANG_WARN_UNREACHABLE_CODE = YES;
				CLANG_WARN__DUPLICATE_METHOD_MATCH = YES;
				"CODE_SIGN_IDENTITY[sdk=iphoneos*]" = "iPhone Developer";
				COPY_PHASE_STRIP = NO;
				ENABLE_STRICT_OBJC_MSGSEND = YES;
				GCC_C_LANGUAGE_STANDARD = gnu99;
				GCC_DYNAMIC_NO_PIC = NO;
				GCC_OPTIMIZATION_LEVEL = 0;
				GCC_PREPROCESSOR_DEFINITIONS = (
					"DEBUG=1",
					"$(inherited)",
				);
				GCC_SYMBOLS_PRIVATE_EXTERN = NO;
				GCC_WARN_64_TO_32_BIT_CONVERSION = YES;
				GCC_WARN_ABOUT_RETURN_TYPE = YES_ERROR;
				GCC_WARN_UNDECLARED_SELECTOR = YES;
				GCC_WARN_UNINITIALIZED_AUTOS = YES_AGGRESSIVE;
				GCC_WARN_UNUSED_FUNCTION = YES;
				GCC_WARN_UNUSED_VARIABLE = YES;
				IPHONEOS_DEPLOYMENT_TARGET = 8.1;
				MTL_ENABLE_DEBUG_INFO = YES;
				ONLY_ACTIVE_ARCH = YES;
				SDKROOT = iphoneos;
				SWIFT_OPTIMIZATION_LEVEL = "-Onone";
				TARGETED_DEVICE_FAMILY = "1,2";
			};
			name = Debug;
		};
		0C5882561A24270A00B12221 /* Release */ = {
			isa = XCBuildConfiguration;
			buildSettings = {
				ALWAYS_SEARCH_USER_PATHS = NO;
				CLANG_CXX_LANGUAGE_STANDARD = "gnu++0x";
				CLANG_CXX_LIBRARY = "libc++";
				CLANG_ENABLE_MODULES = YES;
				CLANG_ENABLE_OBJC_ARC = YES;
				CLANG_WARN_BOOL_CONVERSION = YES;
				CLANG_WARN_CONSTANT_CONVERSION = YES;
				CLANG_WARN_DIRECT_OBJC_ISA_USAGE = YES_ERROR;
				CLANG_WARN_EMPTY_BODY = YES;
				CLANG_WARN_ENUM_CONVERSION = YES;
				CLANG_WARN_INT_CONVERSION = YES;
				CLANG_WARN_OBJC_ROOT_CLASS = YES_ERROR;
				CLANG_WARN_UNREACHABLE_CODE = YES;
				CLANG_WARN__DUPLICATE_METHOD_MATCH = YES;
				"CODE_SIGN_IDENTITY[sdk=iphoneos*]" = "iPhone Developer";
				COPY_PHASE_STRIP = YES;
				ENABLE_NS_ASSERTIONS = NO;
				ENABLE_STRICT_OBJC_MSGSEND = YES;
				GCC_C_LANGUAGE_STANDARD = gnu99;
				GCC_WARN_64_TO_32_BIT_CONVERSION = YES;
				GCC_WARN_ABOUT_RETURN_TYPE = YES_ERROR;
				GCC_WARN_UNDECLARED_SELECTOR = YES;
				GCC_WARN_UNINITIALIZED_AUTOS = YES_AGGRESSIVE;
				GCC_WARN_UNUSED_FUNCTION = YES;
				GCC_WARN_UNUSED_VARIABLE = YES;
				IPHONEOS_DEPLOYMENT_TARGET = 8.1;
				MTL_ENABLE_DEBUG_INFO = NO;
				SDKROOT = iphoneos;
				TARGETED_DEVICE_FAMILY = "1,2";
				VALIDATE_PRODUCT = YES;
			};
			name = Release;
		};
		0C5882581A24270A00B12221 /* Debug */ = {
			isa = XCBuildConfiguration;
			buildSettings = {
				ASSETCATALOG_COMPILER_APPICON_NAME = AppIcon;
				INFOPLIST_FILE = SaveAndLoad/Info.plist;
				LD_RUNPATH_SEARCH_PATHS = "$(inherited) @executable_path/Frameworks";
				PRODUCT_NAME = "$(TARGET_NAME)";
			};
			name = Debug;
		};
		0C5882591A24270A00B12221 /* Release */ = {
			isa = XCBuildConfiguration;
			buildSettings = {
				ASSETCATALOG_COMPILER_APPICON_NAME = AppIcon;
				INFOPLIST_FILE = SaveAndLoad/Info.plist;
				LD_RUNPATH_SEARCH_PATHS = "$(inherited) @executable_path/Frameworks";
				PRODUCT_NAME = "$(TARGET_NAME)";
			};
			name = Release;
		};
		0C58825B1A24270A00B12221 /* Debug */ = {
			isa = XCBuildConfiguration;
			buildSettings = {
				BUNDLE_LOADER = "$(TEST_HOST)";
				FRAMEWORK_SEARCH_PATHS = (
					"$(SDKROOT)/Developer/Library/Frameworks",
					"$(inherited)",
				);
				GCC_PREPROCESSOR_DEFINITIONS = (
					"DEBUG=1",
					"$(inherited)",
				);
				INFOPLIST_FILE = SaveAndLoadTests/Info.plist;
				LD_RUNPATH_SEARCH_PATHS = "$(inherited) @executable_path/Frameworks @loader_path/Frameworks";
				PRODUCT_NAME = "$(TARGET_NAME)";
				TEST_HOST = "$(BUILT_PRODUCTS_DIR)/SaveAndLoad.app/SaveAndLoad";
			};
			name = Debug;
		};
		0C58825C1A24270A00B12221 /* Release */ = {
			isa = XCBuildConfiguration;
			buildSettings = {
				BUNDLE_LOADER = "$(TEST_HOST)";
				FRAMEWORK_SEARCH_PATHS = (
					"$(SDKROOT)/Developer/Library/Frameworks",
					"$(inherited)",
				);
				INFOPLIST_FILE = SaveAndLoadTests/Info.plist;
				LD_RUNPATH_SEARCH_PATHS = "$(inherited) @executable_path/Frameworks @loader_path/Frameworks";
				PRODUCT_NAME = "$(TARGET_NAME)";
				TEST_HOST = "$(BUILT_PRODUCTS_DIR)/SaveAndLoad.app/SaveAndLoad";
			};
			name = Release;
		};
/* End XCBuildConfiguration section */

/* Begin XCConfigurationList section */
		0C5882331A24270A00B12221 /* Build configuration list for PBXProject "SaveAndLoad" */ = {
			isa = XCConfigurationList;
			buildConfigurations = (
				0C5882551A24270A00B12221 /* Debug */,
				0C5882561A24270A00B12221 /* Release */,
			);
			defaultConfigurationIsVisible = 0;
			defaultConfigurationName = Release;
		};
		0C5882571A24270A00B12221 /* Build configuration list for PBXNativeTarget "SaveAndLoad" */ = {
			isa = XCConfigurationList;
			buildConfigurations = (
				0C5882581A24270A00B12221 /* Debug */,
				0C5882591A24270A00B12221 /* Release */,
			);
			defaultConfigurationIsVisible = 0;
		};
		0C58825A1A24270A00B12221 /* Build configuration list for PBXNativeTarget "SaveAndLoadTests" */ = {
			isa = XCConfigurationList;
			buildConfigurations = (
				0C58825B1A24270A00B12221 /* Debug */,
				0C58825C1A24270A00B12221 /* Release */,
			);
			defaultConfigurationIsVisible = 0;
		};
/* End XCConfigurationList section */
	};
	rootObject = 0C5882301A24270A00B12221 /* Project object */;
}
